
Microsoft Visual Studio Solution File, Format Version 12.00
# Visual Studio 15
VisualStudioVersion = 15.0.28010.2048
MinimumVisualStudioVersion = 10.0.40219.1
Project("{FAE04EC0-301F-11D3-BF4B-00C04F79EFBC}") = "LifeTapTelegramBot", "LifeTapTelegramBot\LifeTapTelegramBot.csproj", "{3FFCAD29-267E-4857-9B84-31182202C7DD}"
EndProject
Project("{FAE04EC0-301F-11D3-BF4B-00C04F79EFBC}") = "LiteTapTelegramBot.DataAccessLayer", "LiteTapTelegramBot.DataAccessLayer\LiteTapTelegramBot.DataAccessLayer.csproj", "{67ECDF7B-DEAC-4CAF-B17E-875D9A8642E3}"
EndProject
Project("{FAE04EC0-301F-11D3-BF4B-00C04F79EFBC}") = "LifeTapTelegramBot.BusinessLogicLayer", "LifeTapTelegramBot.BusinessLogicLayer\LifeTapTelegramBot.BusinessLogicLayer.csproj", "{965879BB-1C29-4675-B228-2B5B83ECD5F8}"
EndProject
Global
	GlobalSection(SolutionConfigurationPlatforms) = preSolution
		Debug|Any CPU = Debug|Any CPU
		Release|Any CPU = Release|Any CPU
	EndGlobalSection
	GlobalSection(ProjectConfigurationPlatforms) = postSolution
		{3FFCAD29-267E-4857-9B84-31182202C7DD}.Debug|Any CPU.ActiveCfg = Debug|Any CPU
		{3FFCAD29-267E-4857-9B84-31182202C7DD}.Debug|Any CPU.Build.0 = Debug|Any CPU
		{3FFCAD29-267E-4857-9B84-31182202C7DD}.Release|Any CPU.ActiveCfg = Release|Any CPU
		{3FFCAD29-267E-4857-9B84-31182202C7DD}.Release|Any CPU.Build.0 = Release|Any CPU
		{67ECDF7B-DEAC-4CAF-B17E-875D9A8642E3}.Debug|Any CPU.ActiveCfg = Debug|Any CPU
		{67ECDF7B-DEAC-4CAF-B17E-875D9A8642E3}.Debug|Any CPU.Build.0 = Debug|Any CPU
		{67ECDF7B-DEAC-4CAF-B17E-875D9A8642E3}.Release|Any CPU.ActiveCfg = Release|Any CPU
		{67ECDF7B-DEAC-4CAF-B17E-875D9A8642E3}.Release|Any CPU.Build.0 = Release|Any CPU
		{965879BB-1C29-4675-B228-2B5B83ECD5F8}.Debug|Any CPU.ActiveCfg = Debug|Any CPU
		{965879BB-1C29-4675-B228-2B5B83ECD5F8}.Debug|Any CPU.Build.0 = Debug|Any CPU
		{965879BB-1C29-4675-B228-2B5B83ECD5F8}.Release|Any CPU.ActiveCfg = Release|Any CPU
		{965879BB-1C29-4675-B228-2B5B83ECD5F8}.Release|Any CPU.Build.0 = Release|Any CPU
	EndGlobalSection
	GlobalSection(SolutionProperties) = preSolution
		HideSolutionNode = FALSE
	EndGlobalSection
	GlobalSection(ExtensibilityGlobals) = postSolution
		SolutionGuid = {31D248BD-02E2-4BD9-BB31-BA2A1D29D9CF}
	EndGlobalSection
EndGlobal
